
Microsoft Visual Studio Solution File, Format Version 12.00
# Visual Studio Version 17
VisualStudioVersion = 17.6.33815.320
MinimumVisualStudioVersion = 10.0.40219.1
Project("{FAE04EC0-301F-11D3-BF4B-00C04F79EFBC}") = "Homework_001", "Homework_001.csproj", "{4DE557C4-73FE-450A-83F4-EE9A287062E7}"
EndProject
Project("{FAE04EC0-301F-11D3-BF4B-00C04F79EFBC}") = "HomeWork_002", "..\HomeWork_2\HomeWork_002.csproj", "{426E7DD8-A506-4470-BC66-0D3A1B762021}"
EndProject
Project("{FAE04EC0-301F-11D3-BF4B-00C04F79EFBC}") = "HomeWork_004", "..\HomeWork_4\HomeWork_004.csproj", "{0A3FFC1A-5F71-41D5-85B5-5AEB33B64732}"
EndProject
Project("{FAE04EC0-301F-11D3-BF4B-00C04F79EFBC}") = "HomeWork_003", "..\HomeWork_3\HomeWork_003.csproj", "{C858D8C5-0365-415C-AEB6-9651A0D143E8}"
EndProject
Project("{FAE04EC0-301F-11D3-BF4B-00C04F79EFBC}") = "HomeWork_005", "..\HomeWork_5\HomeWork_005.csproj", "{83237B81-C641-4EA9-A65A-FC4916E2684F}"
EndProject
Project("{FAE04EC0-301F-11D3-BF4B-00C04F79EFBC}") = "HomeWork_006", "..\HomeWork_6\HomeWork_006.csproj", "{5E8A691D-227A-4DB1-856C-AF4218BEA869}"
EndProject
Project("{FAE04EC0-301F-11D3-BF4B-00C04F79EFBC}") = "HomeWork_007", "..\HomeWork_7\HomeWork_007.csproj", "{502518F9-78E6-44A4-8A6D-3DB91F955192}"
EndProject
Project("{FAE04EC0-301F-11D3-BF4B-00C04F79EFBC}") = "HomeWork_008", "..\HomeWork_8\HomeWork_008.csproj", "{1458EB56-A686-4293-994F-EE7697CB0975}"
EndProject
Project("{FAE04EC0-301F-11D3-BF4B-00C04F79EFBC}") = "HomeWork_009", "..\HomeWork_9\HomeWork_009.csproj", "{0B727122-74A8-44E7-8904-7AB2E3808813}"
EndProject
Project("{FAE04EC0-301F-11D3-BF4B-00C04F79EFBC}") = "HomeWork_010", "..\HomeWork_10\HomeWork_010.csproj", "{14A2B2AC-B2A4-4A84-A1BC-8D19D8E50577}"
EndProject
Project("{9A19103F-16F7-4668-BE54-9A1E7A4F7556}") = "HomeWork_011", "..\HomeWork_11_\HomeWork_011.csproj", "{9345A16B-0E35-4E8D-9861-0A37369003B6}"
EndProject
Project("{9A19103F-16F7-4668-BE54-9A1E7A4F7556}") = "HomeWork_013", "..\HomeWork_13\HomeWork_013.csproj", "{4DDC70F1-48E3-4C76-8BEF-D27C65DDE3ED}"
EndProject
Project("{9A19103F-16F7-4668-BE54-9A1E7A4F7556}") = "HomeWork_014_Password", "..\HomeWork_14_Password\HomeWork_014_Password.csproj", "{BC1E49E0-8196-4D42-A593-7831F4830A48}"
EndProject
Project("{9A19103F-16F7-4668-BE54-9A1E7A4F7556}") = "HomeWork_015_Multiples", "..\HomeWork_15_Multiples\HomeWork_015_Multiples.csproj", "{D89B08F1-73C3-47CB-A578-44414B244840}"
EndProject
Project("{9A19103F-16F7-4668-BE54-9A1E7A4F7556}") = "HomeWork_016_PowerOfTwo", "..\HomeWork_16_PowerOfTwo\HomeWork_016_PowerOfTwo.csproj", "{A23571FA-712C-4471-B780-09EE5667DFE2}"
EndProject
Project("{9A19103F-16F7-4668-BE54-9A1E7A4F7556}") = "HomeWork_017_Brackets", "..\HomeWork_17_Brackets\HomeWork_017_Brackets.csproj", "{ACB48382-8A03-421F-806E-181DFAC61233}"
EndProject
Project("{9A19103F-16F7-4668-BE54-9A1E7A4F7556}") = "HomeWork_012_ConsoleMenu", "..\HomeWork_12_ConsoleMenu\HomeWork_012_ConsoleMenu.csproj", "{6BAAD34B-7035-4B81-8513-7F4232E2FA47}"
EndProject
Project("{9A19103F-16F7-4668-BE54-9A1E7A4F7556}") = "HomeWork_018_BossBattle", "..\HomeWork_18_BossBattle\HomeWork_018_BossBattle.csproj", "{5CA68818-5AD7-48C2-A62E-8943C00BB7DB}"
EndProject
Project("{9A19103F-16F7-4668-BE54-9A1E7A4F7556}") = "HomeWork_019_RowsAndColumns", "..\HomeWork_19_RowsAndColumns\HomeWork_019_RowsAndColumns.csproj", "{45FE8F65-37F5-4372-9C2A-B344C51C7930}"
EndProject
Project("{9A19103F-16F7-4668-BE54-9A1E7A4F7556}") = "HomeWork_020_MaxElement", "..\HomeWork_20_MaxElement\HomeWork_020_MaxElement.csproj", "{16B1B6C2-4F2F-4B64-9971-4FC1FD24C4DB}"
EndProject
Project("{9A19103F-16F7-4668-BE54-9A1E7A4F7556}") = "HomeWork_021_LocalMaximum", "..\HomeWork_21_LocalMaximum\HomeWork_021_LocalMaximum.csproj", "{E83E7B91-2D06-4ADC-B2BD-EAB11E905875}"
EndProject
Project("{9A19103F-16F7-4668-BE54-9A1E7A4F7556}") = "HomeWork_022_DynamicArray", "..\HomwWork_22_DynamicArray\HomeWork_022_DynamicArray.csproj", "{2A07E534-DEB9-4C6E-A12F-A670DCCCA5FA}"
EndProject
Project("{9A19103F-16F7-4668-BE54-9A1E7A4F7556}") = "HomeWork_023_RepeatingSubArray", "..\HomeWork_23_RepeatingSubArray\HomeWork_023_RepeatingSubArray.csproj", "{86AC7B14-7FA5-4922-A829-33E3689F4E1C}"
EndProject
Project("{9A19103F-16F7-4668-BE54-9A1E7A4F7556}") = "HomeWork_024_NumbersSorting", "..\HomeWork_24_NumbersSorting\HomeWork_024_NumbersSorting.csproj", "{D364C365-92F8-4D9E-B805-5C0581CD9261}"
EndProject
Project("{9A19103F-16F7-4668-BE54-9A1E7A4F7556}") = "HomeWork_025_Split", "..\HomeWork_25_Split\HomeWork_025_Split.csproj", "{F4A2D2A1-73EE-41AB-8006-A7E8ADCE6B13}"
EndProject
Project("{9A19103F-16F7-4668-BE54-9A1E7A4F7556}") = "HomeWork_026_ShiftValue", "..\HomeWork_26_ShiftValue\HomeWork_026_ShiftValue.csproj", "{F2020F17-54F3-4CC2-A61D-ED150344C191}"
EndProject
Project("{9A19103F-16F7-4668-BE54-9A1E7A4F7556}") = "HomeWork_027_HrDatabase", "..\HomeWork_27_HrAccounting\HomeWork_027_HrDatabase.csproj", "{DAE153AF-762D-4DC8-A953-C6DD0637BC4F}"
EndProject
Project("{9A19103F-16F7-4668-BE54-9A1E7A4F7556}") = "HomeWork_028_UIElement", "..\HomeWork_28_UIElement\HomeWork_028_UIElement.csproj", "{9CD44FDE-FCBB-4346-B696-D9869777C47A}"
EndProject
Project("{9A19103F-16F7-4668-BE54-9A1E7A4F7556}") = "HomeWork_029_ReadInt", "..\HomeWork_28_ReadInt\HomeWork_029_ReadInt.csproj", "{205AE912-745B-4FAF-9265-3707DDFAD265}"
EndProject
Project("{9A19103F-16F7-4668-BE54-9A1E7A4F7556}") = "HomeWork_030_BraveNewWorld", "..\HomeWork_30_BraveNewWorld\HomeWork_030_BraveNewWorld.csproj", "{DD4DA6BE-F3B2-4532-A17F-8B5E015357B7}"
EndProject
Project("{FAE04EC0-301F-11D3-BF4B-00C04F79EFBC}") = "HomeWork_031_CanzasCityShuffle", "..\HomeWork_031_CanzasCityShuffle\HomeWork_031_CanzasCityShuffle.csproj", "{70ACD618-6588-4944-AAE6-43ED56A16C7B}"
EndProject
Project("{FAE04EC0-301F-11D3-BF4B-00C04F79EFBC}") = "HomeWork_032_ExplanatoryDictionary", "..\HomeWork_032_ExplanatoryDictionary\HomeWork_032_ExplanatoryDictionary.csproj", "{DF03A4D8-F489-4B47-9DF6-8098C27F1652}"
EndProject
Project("{FAE04EC0-301F-11D3-BF4B-00C04F79EFBC}") = "HomeWork_033_StoreQueue", "..\HomeWork_033_StoreQueue\HomeWork_033_StoreQueue.csproj", "{42FDA5DF-03C3-4001-9E81-1B6DFDF97683}"
EndProject
Project("{FAE04EC0-301F-11D3-BF4B-00C04F79EFBC}") = "HomeWork_034_DynamicArrayV2", "..\HomeWork_034_DynamicArrayV2\HomeWork_034_DynamicArrayV2.csproj", "{0E8822D3-5DC9-494B-805E-4CE312A9ABF5}"
EndProject
Project("{FAE04EC0-301F-11D3-BF4B-00C04F79EFBC}") = "HomeWork_035_HrDatabaseV2", "..\HomeWork_035_HrDatabaseV2\HomeWork_035_HrDatabaseV2.csproj", "{5A57AE5C-4FA3-4660-A1DF-3FA87C22FC39}"
EndProject
Project("{FAE04EC0-301F-11D3-BF4B-00C04F79EFBC}") = "HomeWork_036_MergeCollection", "..\HomeWork_036_MergeCollection\HomeWork_036_MergeCollection.csproj", "{E5136641-5192-4628-9D72-7268913327D1}"
EndProject
Project("{FAE04EC0-301F-11D3-BF4B-00C04F79EFBC}") = "HomeWork_037_WorkWithClasses", "..\HomeWok_037_WorkWithClasses\HomeWork_037_WorkWithClasses.csproj", "{CC934980-72CF-4C1E-A28C-D047C21E1B09}"
EndProject
Project("{FAE04EC0-301F-11D3-BF4B-00C04F79EFBC}") = "HomeWork_038_WorkWithProperties", "..\HomeWork_038_WorkWithProperties\HomeWork_038_WorkWithProperties.csproj", "{CB1C8167-3622-47D6-AB12-9718DCECCD5C}"
EndProject
Project("{FAE04EC0-301F-11D3-BF4B-00C04F79EFBC}") = "HomeWork_039_PlayersDataBase", "..\HomeWork_039_PlayersDataBase\HomeWork_039_PlayersDataBase.csproj", "{36E79EC3-F500-48EB-B53C-5E2EAFAF0C95}"
EndProject
Global
	GlobalSection(SolutionConfigurationPlatforms) = preSolution
		Debug|Any CPU = Debug|Any CPU
		Release|Any CPU = Release|Any CPU
	EndGlobalSection
	GlobalSection(ProjectConfigurationPlatforms) = postSolution
		{4DE557C4-73FE-450A-83F4-EE9A287062E7}.Debug|Any CPU.ActiveCfg = Debug|Any CPU
		{4DE557C4-73FE-450A-83F4-EE9A287062E7}.Debug|Any CPU.Build.0 = Debug|Any CPU
		{4DE557C4-73FE-450A-83F4-EE9A287062E7}.Release|Any CPU.ActiveCfg = Release|Any CPU
		{4DE557C4-73FE-450A-83F4-EE9A287062E7}.Release|Any CPU.Build.0 = Release|Any CPU
		{426E7DD8-A506-4470-BC66-0D3A1B762021}.Debug|Any CPU.ActiveCfg = Debug|Any CPU
		{426E7DD8-A506-4470-BC66-0D3A1B762021}.Debug|Any CPU.Build.0 = Debug|Any CPU
		{426E7DD8-A506-4470-BC66-0D3A1B762021}.Release|Any CPU.ActiveCfg = Release|Any CPU
		{426E7DD8-A506-4470-BC66-0D3A1B762021}.Release|Any CPU.Build.0 = Release|Any CPU
		{0A3FFC1A-5F71-41D5-85B5-5AEB33B64732}.Debug|Any CPU.ActiveCfg = Debug|Any CPU
		{0A3FFC1A-5F71-41D5-85B5-5AEB33B64732}.Debug|Any CPU.Build.0 = Debug|Any CPU
		{0A3FFC1A-5F71-41D5-85B5-5AEB33B64732}.Release|Any CPU.ActiveCfg = Release|Any CPU
		{0A3FFC1A-5F71-41D5-85B5-5AEB33B64732}.Release|Any CPU.Build.0 = Release|Any CPU
		{C858D8C5-0365-415C-AEB6-9651A0D143E8}.Debug|Any CPU.ActiveCfg = Debug|Any CPU
		{C858D8C5-0365-415C-AEB6-9651A0D143E8}.Debug|Any CPU.Build.0 = Debug|Any CPU
		{C858D8C5-0365-415C-AEB6-9651A0D143E8}.Release|Any CPU.ActiveCfg = Release|Any CPU
		{C858D8C5-0365-415C-AEB6-9651A0D143E8}.Release|Any CPU.Build.0 = Release|Any CPU
		{83237B81-C641-4EA9-A65A-FC4916E2684F}.Debug|Any CPU.ActiveCfg = Debug|Any CPU
		{83237B81-C641-4EA9-A65A-FC4916E2684F}.Debug|Any CPU.Build.0 = Debug|Any CPU
		{83237B81-C641-4EA9-A65A-FC4916E2684F}.Release|Any CPU.ActiveCfg = Release|Any CPU
		{83237B81-C641-4EA9-A65A-FC4916E2684F}.Release|Any CPU.Build.0 = Release|Any CPU
		{5E8A691D-227A-4DB1-856C-AF4218BEA869}.Debug|Any CPU.ActiveCfg = Debug|Any CPU
		{5E8A691D-227A-4DB1-856C-AF4218BEA869}.Debug|Any CPU.Build.0 = Debug|Any CPU
		{5E8A691D-227A-4DB1-856C-AF4218BEA869}.Release|Any CPU.ActiveCfg = Release|Any CPU
		{5E8A691D-227A-4DB1-856C-AF4218BEA869}.Release|Any CPU.Build.0 = Release|Any CPU
		{502518F9-78E6-44A4-8A6D-3DB91F955192}.Debug|Any CPU.ActiveCfg = Debug|Any CPU
		{502518F9-78E6-44A4-8A6D-3DB91F955192}.Debug|Any CPU.Build.0 = Debug|Any CPU
		{502518F9-78E6-44A4-8A6D-3DB91F955192}.Release|Any CPU.ActiveCfg = Release|Any CPU
		{502518F9-78E6-44A4-8A6D-3DB91F955192}.Release|Any CPU.Build.0 = Release|Any CPU
		{1458EB56-A686-4293-994F-EE7697CB0975}.Debug|Any CPU.ActiveCfg = Debug|Any CPU
		{1458EB56-A686-4293-994F-EE7697CB0975}.Debug|Any CPU.Build.0 = Debug|Any CPU
		{1458EB56-A686-4293-994F-EE7697CB0975}.Release|Any CPU.ActiveCfg = Release|Any CPU
		{1458EB56-A686-4293-994F-EE7697CB0975}.Release|Any CPU.Build.0 = Release|Any CPU
		{0B727122-74A8-44E7-8904-7AB2E3808813}.Debug|Any CPU.ActiveCfg = Debug|Any CPU
		{0B727122-74A8-44E7-8904-7AB2E3808813}.Debug|Any CPU.Build.0 = Debug|Any CPU
		{0B727122-74A8-44E7-8904-7AB2E3808813}.Release|Any CPU.ActiveCfg = Release|Any CPU
		{0B727122-74A8-44E7-8904-7AB2E3808813}.Release|Any CPU.Build.0 = Release|Any CPU
		{14A2B2AC-B2A4-4A84-A1BC-8D19D8E50577}.Debug|Any CPU.ActiveCfg = Debug|Any CPU
		{14A2B2AC-B2A4-4A84-A1BC-8D19D8E50577}.Debug|Any CPU.Build.0 = Debug|Any CPU
		{14A2B2AC-B2A4-4A84-A1BC-8D19D8E50577}.Release|Any CPU.ActiveCfg = Release|Any CPU
		{14A2B2AC-B2A4-4A84-A1BC-8D19D8E50577}.Release|Any CPU.Build.0 = Release|Any CPU
		{9345A16B-0E35-4E8D-9861-0A37369003B6}.Debug|Any CPU.ActiveCfg = Debug|Any CPU
		{9345A16B-0E35-4E8D-9861-0A37369003B6}.Debug|Any CPU.Build.0 = Debug|Any CPU
		{9345A16B-0E35-4E8D-9861-0A37369003B6}.Release|Any CPU.ActiveCfg = Release|Any CPU
		{9345A16B-0E35-4E8D-9861-0A37369003B6}.Release|Any CPU.Build.0 = Release|Any CPU
		{4DDC70F1-48E3-4C76-8BEF-D27C65DDE3ED}.Debug|Any CPU.ActiveCfg = Debug|Any CPU
		{4DDC70F1-48E3-4C76-8BEF-D27C65DDE3ED}.Debug|Any CPU.Build.0 = Debug|Any CPU
		{4DDC70F1-48E3-4C76-8BEF-D27C65DDE3ED}.Release|Any CPU.ActiveCfg = Release|Any CPU
		{4DDC70F1-48E3-4C76-8BEF-D27C65DDE3ED}.Release|Any CPU.Build.0 = Release|Any CPU
		{BC1E49E0-8196-4D42-A593-7831F4830A48}.Debug|Any CPU.ActiveCfg = Debug|Any CPU
		{BC1E49E0-8196-4D42-A593-7831F4830A48}.Debug|Any CPU.Build.0 = Debug|Any CPU
		{BC1E49E0-8196-4D42-A593-7831F4830A48}.Release|Any CPU.ActiveCfg = Release|Any CPU
		{BC1E49E0-8196-4D42-A593-7831F4830A48}.Release|Any CPU.Build.0 = Release|Any CPU
		{D89B08F1-73C3-47CB-A578-44414B244840}.Debug|Any CPU.ActiveCfg = Debug|Any CPU
		{D89B08F1-73C3-47CB-A578-44414B244840}.Debug|Any CPU.Build.0 = Debug|Any CPU
		{D89B08F1-73C3-47CB-A578-44414B244840}.Release|Any CPU.ActiveCfg = Release|Any CPU
		{D89B08F1-73C3-47CB-A578-44414B244840}.Release|Any CPU.Build.0 = Release|Any CPU
		{A23571FA-712C-4471-B780-09EE5667DFE2}.Debug|Any CPU.ActiveCfg = Debug|Any CPU
		{A23571FA-712C-4471-B780-09EE5667DFE2}.Debug|Any CPU.Build.0 = Debug|Any CPU
		{A23571FA-712C-4471-B780-09EE5667DFE2}.Release|Any CPU.ActiveCfg = Release|Any CPU
		{A23571FA-712C-4471-B780-09EE5667DFE2}.Release|Any CPU.Build.0 = Release|Any CPU
		{ACB48382-8A03-421F-806E-181DFAC61233}.Debug|Any CPU.ActiveCfg = Debug|Any CPU
		{ACB48382-8A03-421F-806E-181DFAC61233}.Debug|Any CPU.Build.0 = Debug|Any CPU
		{ACB48382-8A03-421F-806E-181DFAC61233}.Release|Any CPU.ActiveCfg = Release|Any CPU
		{ACB48382-8A03-421F-806E-181DFAC61233}.Release|Any CPU.Build.0 = Release|Any CPU
		{6BAAD34B-7035-4B81-8513-7F4232E2FA47}.Debug|Any CPU.ActiveCfg = Debug|Any CPU
		{6BAAD34B-7035-4B81-8513-7F4232E2FA47}.Debug|Any CPU.Build.0 = Debug|Any CPU
		{6BAAD34B-7035-4B81-8513-7F4232E2FA47}.Release|Any CPU.ActiveCfg = Release|Any CPU
		{6BAAD34B-7035-4B81-8513-7F4232E2FA47}.Release|Any CPU.Build.0 = Release|Any CPU
		{5CA68818-5AD7-48C2-A62E-8943C00BB7DB}.Debug|Any CPU.ActiveCfg = Debug|Any CPU
		{5CA68818-5AD7-48C2-A62E-8943C00BB7DB}.Debug|Any CPU.Build.0 = Debug|Any CPU
		{5CA68818-5AD7-48C2-A62E-8943C00BB7DB}.Release|Any CPU.ActiveCfg = Release|Any CPU
		{5CA68818-5AD7-48C2-A62E-8943C00BB7DB}.Release|Any CPU.Build.0 = Release|Any CPU
		{45FE8F65-37F5-4372-9C2A-B344C51C7930}.Debug|Any CPU.ActiveCfg = Debug|Any CPU
		{45FE8F65-37F5-4372-9C2A-B344C51C7930}.Debug|Any CPU.Build.0 = Debug|Any CPU
		{45FE8F65-37F5-4372-9C2A-B344C51C7930}.Release|Any CPU.ActiveCfg = Release|Any CPU
		{45FE8F65-37F5-4372-9C2A-B344C51C7930}.Release|Any CPU.Build.0 = Release|Any CPU
		{16B1B6C2-4F2F-4B64-9971-4FC1FD24C4DB}.Debug|Any CPU.ActiveCfg = Debug|Any CPU
		{16B1B6C2-4F2F-4B64-9971-4FC1FD24C4DB}.Debug|Any CPU.Build.0 = Debug|Any CPU
		{16B1B6C2-4F2F-4B64-9971-4FC1FD24C4DB}.Release|Any CPU.ActiveCfg = Release|Any CPU
		{16B1B6C2-4F2F-4B64-9971-4FC1FD24C4DB}.Release|Any CPU.Build.0 = Release|Any CPU
		{E83E7B91-2D06-4ADC-B2BD-EAB11E905875}.Debug|Any CPU.ActiveCfg = Debug|Any CPU
		{E83E7B91-2D06-4ADC-B2BD-EAB11E905875}.Debug|Any CPU.Build.0 = Debug|Any CPU
		{E83E7B91-2D06-4ADC-B2BD-EAB11E905875}.Release|Any CPU.ActiveCfg = Release|Any CPU
		{E83E7B91-2D06-4ADC-B2BD-EAB11E905875}.Release|Any CPU.Build.0 = Release|Any CPU
		{2A07E534-DEB9-4C6E-A12F-A670DCCCA5FA}.Debug|Any CPU.ActiveCfg = Debug|Any CPU
		{2A07E534-DEB9-4C6E-A12F-A670DCCCA5FA}.Debug|Any CPU.Build.0 = Debug|Any CPU
		{2A07E534-DEB9-4C6E-A12F-A670DCCCA5FA}.Release|Any CPU.ActiveCfg = Release|Any CPU
		{2A07E534-DEB9-4C6E-A12F-A670DCCCA5FA}.Release|Any CPU.Build.0 = Release|Any CPU
		{86AC7B14-7FA5-4922-A829-33E3689F4E1C}.Debug|Any CPU.ActiveCfg = Debug|Any CPU
		{86AC7B14-7FA5-4922-A829-33E3689F4E1C}.Debug|Any CPU.Build.0 = Debug|Any CPU
		{86AC7B14-7FA5-4922-A829-33E3689F4E1C}.Release|Any CPU.ActiveCfg = Release|Any CPU
		{86AC7B14-7FA5-4922-A829-33E3689F4E1C}.Release|Any CPU.Build.0 = Release|Any CPU
		{D364C365-92F8-4D9E-B805-5C0581CD9261}.Debug|Any CPU.ActiveCfg = Debug|Any CPU
		{D364C365-92F8-4D9E-B805-5C0581CD9261}.Debug|Any CPU.Build.0 = Debug|Any CPU
		{D364C365-92F8-4D9E-B805-5C0581CD9261}.Release|Any CPU.ActiveCfg = Release|Any CPU
		{D364C365-92F8-4D9E-B805-5C0581CD9261}.Release|Any CPU.Build.0 = Release|Any CPU
		{F4A2D2A1-73EE-41AB-8006-A7E8ADCE6B13}.Debug|Any CPU.ActiveCfg = Debug|Any CPU
		{F4A2D2A1-73EE-41AB-8006-A7E8ADCE6B13}.Debug|Any CPU.Build.0 = Debug|Any CPU
		{F4A2D2A1-73EE-41AB-8006-A7E8ADCE6B13}.Release|Any CPU.ActiveCfg = Release|Any CPU
		{F4A2D2A1-73EE-41AB-8006-A7E8ADCE6B13}.Release|Any CPU.Build.0 = Release|Any CPU
		{F2020F17-54F3-4CC2-A61D-ED150344C191}.Debug|Any CPU.ActiveCfg = Debug|Any CPU
		{F2020F17-54F3-4CC2-A61D-ED150344C191}.Debug|Any CPU.Build.0 = Debug|Any CPU
		{F2020F17-54F3-4CC2-A61D-ED150344C191}.Release|Any CPU.ActiveCfg = Release|Any CPU
		{F2020F17-54F3-4CC2-A61D-ED150344C191}.Release|Any CPU.Build.0 = Release|Any CPU
		{DAE153AF-762D-4DC8-A953-C6DD0637BC4F}.Debug|Any CPU.ActiveCfg = Debug|Any CPU
		{DAE153AF-762D-4DC8-A953-C6DD0637BC4F}.Debug|Any CPU.Build.0 = Debug|Any CPU
		{DAE153AF-762D-4DC8-A953-C6DD0637BC4F}.Release|Any CPU.ActiveCfg = Release|Any CPU
		{DAE153AF-762D-4DC8-A953-C6DD0637BC4F}.Release|Any CPU.Build.0 = Release|Any CPU
		{9CD44FDE-FCBB-4346-B696-D9869777C47A}.Debug|Any CPU.ActiveCfg = Debug|Any CPU
		{9CD44FDE-FCBB-4346-B696-D9869777C47A}.Debug|Any CPU.Build.0 = Debug|Any CPU
		{9CD44FDE-FCBB-4346-B696-D9869777C47A}.Release|Any CPU.ActiveCfg = Release|Any CPU
		{9CD44FDE-FCBB-4346-B696-D9869777C47A}.Release|Any CPU.Build.0 = Release|Any CPU
		{205AE912-745B-4FAF-9265-3707DDFAD265}.Debug|Any CPU.ActiveCfg = Debug|Any CPU
		{205AE912-745B-4FAF-9265-3707DDFAD265}.Debug|Any CPU.Build.0 = Debug|Any CPU
		{205AE912-745B-4FAF-9265-3707DDFAD265}.Release|Any CPU.ActiveCfg = Release|Any CPU
		{205AE912-745B-4FAF-9265-3707DDFAD265}.Release|Any CPU.Build.0 = Release|Any CPU
		{DD4DA6BE-F3B2-4532-A17F-8B5E015357B7}.Debug|Any CPU.ActiveCfg = Debug|Any CPU
		{DD4DA6BE-F3B2-4532-A17F-8B5E015357B7}.Debug|Any CPU.Build.0 = Debug|Any CPU
		{DD4DA6BE-F3B2-4532-A17F-8B5E015357B7}.Release|Any CPU.ActiveCfg = Release|Any CPU
		{DD4DA6BE-F3B2-4532-A17F-8B5E015357B7}.Release|Any CPU.Build.0 = Release|Any CPU
		{70ACD618-6588-4944-AAE6-43ED56A16C7B}.Debug|Any CPU.ActiveCfg = Debug|Any CPU
		{70ACD618-6588-4944-AAE6-43ED56A16C7B}.Debug|Any CPU.Build.0 = Debug|Any CPU
		{70ACD618-6588-4944-AAE6-43ED56A16C7B}.Release|Any CPU.ActiveCfg = Release|Any CPU
		{70ACD618-6588-4944-AAE6-43ED56A16C7B}.Release|Any CPU.Build.0 = Release|Any CPU
		{DF03A4D8-F489-4B47-9DF6-8098C27F1652}.Debug|Any CPU.ActiveCfg = Debug|Any CPU
		{DF03A4D8-F489-4B47-9DF6-8098C27F1652}.Debug|Any CPU.Build.0 = Debug|Any CPU
		{DF03A4D8-F489-4B47-9DF6-8098C27F1652}.Release|Any CPU.ActiveCfg = Release|Any CPU
		{DF03A4D8-F489-4B47-9DF6-8098C27F1652}.Release|Any CPU.Build.0 = Release|Any CPU
		{42FDA5DF-03C3-4001-9E81-1B6DFDF97683}.Debug|Any CPU.ActiveCfg = Debug|Any CPU
		{42FDA5DF-03C3-4001-9E81-1B6DFDF97683}.Debug|Any CPU.Build.0 = Debug|Any CPU
		{42FDA5DF-03C3-4001-9E81-1B6DFDF97683}.Release|Any CPU.ActiveCfg = Release|Any CPU
		{42FDA5DF-03C3-4001-9E81-1B6DFDF97683}.Release|Any CPU.Build.0 = Release|Any CPU
		{0E8822D3-5DC9-494B-805E-4CE312A9ABF5}.Debug|Any CPU.ActiveCfg = Debug|Any CPU
		{0E8822D3-5DC9-494B-805E-4CE312A9ABF5}.Debug|Any CPU.Build.0 = Debug|Any CPU
		{0E8822D3-5DC9-494B-805E-4CE312A9ABF5}.Release|Any CPU.ActiveCfg = Release|Any CPU
		{0E8822D3-5DC9-494B-805E-4CE312A9ABF5}.Release|Any CPU.Build.0 = Release|Any CPU
		{5A57AE5C-4FA3-4660-A1DF-3FA87C22FC39}.Debug|Any CPU.ActiveCfg = Debug|Any CPU
		{5A57AE5C-4FA3-4660-A1DF-3FA87C22FC39}.Debug|Any CPU.Build.0 = Debug|Any CPU
		{5A57AE5C-4FA3-4660-A1DF-3FA87C22FC39}.Release|Any CPU.ActiveCfg = Release|Any CPU
		{5A57AE5C-4FA3-4660-A1DF-3FA87C22FC39}.Release|Any CPU.Build.0 = Release|Any CPU
		{E5136641-5192-4628-9D72-7268913327D1}.Debug|Any CPU.ActiveCfg = Debug|Any CPU
		{E5136641-5192-4628-9D72-7268913327D1}.Debug|Any CPU.Build.0 = Debug|Any CPU
		{E5136641-5192-4628-9D72-7268913327D1}.Release|Any CPU.ActiveCfg = Release|Any CPU
		{E5136641-5192-4628-9D72-7268913327D1}.Release|Any CPU.Build.0 = Release|Any CPU
		{CC934980-72CF-4C1E-A28C-D047C21E1B09}.Debug|Any CPU.ActiveCfg = Debug|Any CPU
		{CC934980-72CF-4C1E-A28C-D047C21E1B09}.Debug|Any CPU.Build.0 = Debug|Any CPU
		{CC934980-72CF-4C1E-A28C-D047C21E1B09}.Release|Any CPU.ActiveCfg = Release|Any CPU
		{CC934980-72CF-4C1E-A28C-D047C21E1B09}.Release|Any CPU.Build.0 = Release|Any CPU
		{CB1C8167-3622-47D6-AB12-9718DCECCD5C}.Debug|Any CPU.ActiveCfg = Debug|Any CPU
		{CB1C8167-3622-47D6-AB12-9718DCECCD5C}.Debug|Any CPU.Build.0 = Debug|Any CPU
		{CB1C8167-3622-47D6-AB12-9718DCECCD5C}.Release|Any CPU.ActiveCfg = Release|Any CPU
		{CB1C8167-3622-47D6-AB12-9718DCECCD5C}.Release|Any CPU.Build.0 = Release|Any CPU
		{36E79EC3-F500-48EB-B53C-5E2EAFAF0C95}.Debug|Any CPU.ActiveCfg = Debug|Any CPU
		{36E79EC3-F500-48EB-B53C-5E2EAFAF0C95}.Debug|Any CPU.Build.0 = Debug|Any CPU
		{36E79EC3-F500-48EB-B53C-5E2EAFAF0C95}.Release|Any CPU.ActiveCfg = Release|Any CPU
		{36E79EC3-F500-48EB-B53C-5E2EAFAF0C95}.Release|Any CPU.Build.0 = Release|Any CPU
	EndGlobalSection
	GlobalSection(SolutionProperties) = preSolution
		HideSolutionNode = FALSE
	EndGlobalSection
	GlobalSection(ExtensibilityGlobals) = postSolution
		SolutionGuid = {5DABBD5B-84B0-4BFB-A2EF-E5E1CD22C345}
	EndGlobalSection
EndGlobal
