
Microsoft Visual Studio Solution File, Format Version 12.00
# Visual Studio Version 17
VisualStudioVersion = 17.6.33815.320
MinimumVisualStudioVersion = 10.0.40219.1
Project("{FAE04EC0-301F-11D3-BF4B-00C04F79EFBC}") = "Homework", "Homework.csproj", "{4DE557C4-73FE-450A-83F4-EE9A287062E7}"
EndProject
Project("{FAE04EC0-301F-11D3-BF4B-00C04F79EFBC}") = "HomeWork_2", "..\HomeWork_2\HomeWork_2.csproj", "{426E7DD8-A506-4470-BC66-0D3A1B762021}"
EndProject
Project("{FAE04EC0-301F-11D3-BF4B-00C04F79EFBC}") = "HomeWork_4", "..\HomeWork_4\HomeWork_4.csproj", "{0A3FFC1A-5F71-41D5-85B5-5AEB33B64732}"
EndProject
Project("{FAE04EC0-301F-11D3-BF4B-00C04F79EFBC}") = "HomeWork_3", "..\HomeWork_3\HomeWork_3.csproj", "{C858D8C5-0365-415C-AEB6-9651A0D143E8}"
EndProject
Project("{FAE04EC0-301F-11D3-BF4B-00C04F79EFBC}") = "HomeWork_5", "..\HomeWork_5\HomeWork_5.csproj", "{83237B81-C641-4EA9-A65A-FC4916E2684F}"
EndProject
Project("{FAE04EC0-301F-11D3-BF4B-00C04F79EFBC}") = "HomeWork_6", "..\HomeWork_6\HomeWork_6.csproj", "{5E8A691D-227A-4DB1-856C-AF4218BEA869}"
EndProject
Project("{FAE04EC0-301F-11D3-BF4B-00C04F79EFBC}") = "HomeWork_7", "..\HomeWork_7\HomeWork_7.csproj", "{502518F9-78E6-44A4-8A6D-3DB91F955192}"
EndProject
Project("{FAE04EC0-301F-11D3-BF4B-00C04F79EFBC}") = "HomeWork_8", "..\HomeWork_8\HomeWork_8.csproj", "{1458EB56-A686-4293-994F-EE7697CB0975}"
EndProject
Project("{FAE04EC0-301F-11D3-BF4B-00C04F79EFBC}") = "HomeWork_9", "..\HomeWork_9\HomeWork_9.csproj", "{0B727122-74A8-44E7-8904-7AB2E3808813}"
EndProject
Project("{FAE04EC0-301F-11D3-BF4B-00C04F79EFBC}") = "HomeWork_10", "..\HomeWork_10\HomeWork_10.csproj", "{14A2B2AC-B2A4-4A84-A1BC-8D19D8E50577}"
EndProject
Project("{9A19103F-16F7-4668-BE54-9A1E7A4F7556}") = "HomeWork_11", "..\HomeWork_11_\HomeWork_11.csproj", "{9345A16B-0E35-4E8D-9861-0A37369003B6}"
EndProject
Project("{9A19103F-16F7-4668-BE54-9A1E7A4F7556}") = "HomeWork_13", "..\HomeWork_13\HomeWork_13.csproj", "{4DDC70F1-48E3-4C76-8BEF-D27C65DDE3ED}"
EndProject
Project("{9A19103F-16F7-4668-BE54-9A1E7A4F7556}") = "HomeWork_14_Password", "..\HomeWork_14_Password\HomeWork_14_Password.csproj", "{BC1E49E0-8196-4D42-A593-7831F4830A48}"
EndProject
Project("{9A19103F-16F7-4668-BE54-9A1E7A4F7556}") = "HomeWork_15_Multiples", "..\HomeWork_15_Multiples\HomeWork_15_Multiples.csproj", "{D89B08F1-73C3-47CB-A578-44414B244840}"
EndProject
Project("{FAE04EC0-301F-11D3-BF4B-00C04F79EFBC}") = "HomeWork_16_PowerOfTwo", "..\HomeWork_16_PowerOfTwo\HomeWork_16_PowerOfTwo.csproj", "{A23571FA-712C-4471-B780-09EE5667DFE2}"
EndProject
Global
	GlobalSection(SolutionConfigurationPlatforms) = preSolution
		Debug|Any CPU = Debug|Any CPU
		Release|Any CPU = Release|Any CPU
	EndGlobalSection
	GlobalSection(ProjectConfigurationPlatforms) = postSolution
		{4DE557C4-73FE-450A-83F4-EE9A287062E7}.Debug|Any CPU.ActiveCfg = Debug|Any CPU
		{4DE557C4-73FE-450A-83F4-EE9A287062E7}.Debug|Any CPU.Build.0 = Debug|Any CPU
		{4DE557C4-73FE-450A-83F4-EE9A287062E7}.Release|Any CPU.ActiveCfg = Release|Any CPU
		{4DE557C4-73FE-450A-83F4-EE9A287062E7}.Release|Any CPU.Build.0 = Release|Any CPU
		{426E7DD8-A506-4470-BC66-0D3A1B762021}.Debug|Any CPU.ActiveCfg = Debug|Any CPU
		{426E7DD8-A506-4470-BC66-0D3A1B762021}.Debug|Any CPU.Build.0 = Debug|Any CPU
		{426E7DD8-A506-4470-BC66-0D3A1B762021}.Release|Any CPU.ActiveCfg = Release|Any CPU
		{426E7DD8-A506-4470-BC66-0D3A1B762021}.Release|Any CPU.Build.0 = Release|Any CPU
		{0A3FFC1A-5F71-41D5-85B5-5AEB33B64732}.Debug|Any CPU.ActiveCfg = Debug|Any CPU
		{0A3FFC1A-5F71-41D5-85B5-5AEB33B64732}.Debug|Any CPU.Build.0 = Debug|Any CPU
		{0A3FFC1A-5F71-41D5-85B5-5AEB33B64732}.Release|Any CPU.ActiveCfg = Release|Any CPU
		{0A3FFC1A-5F71-41D5-85B5-5AEB33B64732}.Release|Any CPU.Build.0 = Release|Any CPU
		{C858D8C5-0365-415C-AEB6-9651A0D143E8}.Debug|Any CPU.ActiveCfg = Debug|Any CPU
		{C858D8C5-0365-415C-AEB6-9651A0D143E8}.Debug|Any CPU.Build.0 = Debug|Any CPU
		{C858D8C5-0365-415C-AEB6-9651A0D143E8}.Release|Any CPU.ActiveCfg = Release|Any CPU
		{C858D8C5-0365-415C-AEB6-9651A0D143E8}.Release|Any CPU.Build.0 = Release|Any CPU
		{83237B81-C641-4EA9-A65A-FC4916E2684F}.Debug|Any CPU.ActiveCfg = Debug|Any CPU
		{83237B81-C641-4EA9-A65A-FC4916E2684F}.Debug|Any CPU.Build.0 = Debug|Any CPU
		{83237B81-C641-4EA9-A65A-FC4916E2684F}.Release|Any CPU.ActiveCfg = Release|Any CPU
		{83237B81-C641-4EA9-A65A-FC4916E2684F}.Release|Any CPU.Build.0 = Release|Any CPU
		{5E8A691D-227A-4DB1-856C-AF4218BEA869}.Debug|Any CPU.ActiveCfg = Debug|Any CPU
		{5E8A691D-227A-4DB1-856C-AF4218BEA869}.Debug|Any CPU.Build.0 = Debug|Any CPU
		{5E8A691D-227A-4DB1-856C-AF4218BEA869}.Release|Any CPU.ActiveCfg = Release|Any CPU
		{5E8A691D-227A-4DB1-856C-AF4218BEA869}.Release|Any CPU.Build.0 = Release|Any CPU
		{502518F9-78E6-44A4-8A6D-3DB91F955192}.Debug|Any CPU.ActiveCfg = Debug|Any CPU
		{502518F9-78E6-44A4-8A6D-3DB91F955192}.Debug|Any CPU.Build.0 = Debug|Any CPU
		{502518F9-78E6-44A4-8A6D-3DB91F955192}.Release|Any CPU.ActiveCfg = Release|Any CPU
		{502518F9-78E6-44A4-8A6D-3DB91F955192}.Release|Any CPU.Build.0 = Release|Any CPU
		{1458EB56-A686-4293-994F-EE7697CB0975}.Debug|Any CPU.ActiveCfg = Debug|Any CPU
		{1458EB56-A686-4293-994F-EE7697CB0975}.Debug|Any CPU.Build.0 = Debug|Any CPU
		{1458EB56-A686-4293-994F-EE7697CB0975}.Release|Any CPU.ActiveCfg = Release|Any CPU
		{1458EB56-A686-4293-994F-EE7697CB0975}.Release|Any CPU.Build.0 = Release|Any CPU
		{0B727122-74A8-44E7-8904-7AB2E3808813}.Debug|Any CPU.ActiveCfg = Debug|Any CPU
		{0B727122-74A8-44E7-8904-7AB2E3808813}.Debug|Any CPU.Build.0 = Debug|Any CPU
		{0B727122-74A8-44E7-8904-7AB2E3808813}.Release|Any CPU.ActiveCfg = Release|Any CPU
		{0B727122-74A8-44E7-8904-7AB2E3808813}.Release|Any CPU.Build.0 = Release|Any CPU
		{14A2B2AC-B2A4-4A84-A1BC-8D19D8E50577}.Debug|Any CPU.ActiveCfg = Debug|Any CPU
		{14A2B2AC-B2A4-4A84-A1BC-8D19D8E50577}.Debug|Any CPU.Build.0 = Debug|Any CPU
		{14A2B2AC-B2A4-4A84-A1BC-8D19D8E50577}.Release|Any CPU.ActiveCfg = Release|Any CPU
		{14A2B2AC-B2A4-4A84-A1BC-8D19D8E50577}.Release|Any CPU.Build.0 = Release|Any CPU
		{9345A16B-0E35-4E8D-9861-0A37369003B6}.Debug|Any CPU.ActiveCfg = Debug|Any CPU
		{9345A16B-0E35-4E8D-9861-0A37369003B6}.Debug|Any CPU.Build.0 = Debug|Any CPU
		{9345A16B-0E35-4E8D-9861-0A37369003B6}.Release|Any CPU.ActiveCfg = Release|Any CPU
		{9345A16B-0E35-4E8D-9861-0A37369003B6}.Release|Any CPU.Build.0 = Release|Any CPU
		{4DDC70F1-48E3-4C76-8BEF-D27C65DDE3ED}.Debug|Any CPU.ActiveCfg = Debug|Any CPU
		{4DDC70F1-48E3-4C76-8BEF-D27C65DDE3ED}.Debug|Any CPU.Build.0 = Debug|Any CPU
		{4DDC70F1-48E3-4C76-8BEF-D27C65DDE3ED}.Release|Any CPU.ActiveCfg = Release|Any CPU
		{4DDC70F1-48E3-4C76-8BEF-D27C65DDE3ED}.Release|Any CPU.Build.0 = Release|Any CPU
		{BC1E49E0-8196-4D42-A593-7831F4830A48}.Debug|Any CPU.ActiveCfg = Debug|Any CPU
		{BC1E49E0-8196-4D42-A593-7831F4830A48}.Debug|Any CPU.Build.0 = Debug|Any CPU
		{BC1E49E0-8196-4D42-A593-7831F4830A48}.Release|Any CPU.ActiveCfg = Release|Any CPU
		{BC1E49E0-8196-4D42-A593-7831F4830A48}.Release|Any CPU.Build.0 = Release|Any CPU
		{D89B08F1-73C3-47CB-A578-44414B244840}.Debug|Any CPU.ActiveCfg = Debug|Any CPU
		{D89B08F1-73C3-47CB-A578-44414B244840}.Debug|Any CPU.Build.0 = Debug|Any CPU
		{D89B08F1-73C3-47CB-A578-44414B244840}.Release|Any CPU.ActiveCfg = Release|Any CPU
		{D89B08F1-73C3-47CB-A578-44414B244840}.Release|Any CPU.Build.0 = Release|Any CPU
		{A23571FA-712C-4471-B780-09EE5667DFE2}.Debug|Any CPU.ActiveCfg = Debug|Any CPU
		{A23571FA-712C-4471-B780-09EE5667DFE2}.Debug|Any CPU.Build.0 = Debug|Any CPU
		{A23571FA-712C-4471-B780-09EE5667DFE2}.Release|Any CPU.ActiveCfg = Release|Any CPU
		{A23571FA-712C-4471-B780-09EE5667DFE2}.Release|Any CPU.Build.0 = Release|Any CPU
	EndGlobalSection
	GlobalSection(SolutionProperties) = preSolution
		HideSolutionNode = FALSE
	EndGlobalSection
	GlobalSection(ExtensibilityGlobals) = postSolution
		SolutionGuid = {5DABBD5B-84B0-4BFB-A2EF-E5E1CD22C345}
	EndGlobalSection
EndGlobal
